
Microsoft Visual Studio Solution File, Format Version 12.00
# Visual Studio 2012
VisualStudioVersion = 14.0.22823.1
MinimumVisualStudioVersion = 10.0.40219.1
Project("{2150E333-8FDC-42A3-9474-1A3956D46DE8}") = ".nuget", ".nuget", "{76CDC1B7-8BA1-4005-8A69-356C579E8599}"
	ProjectSection(SolutionItems) = preProject
		.nuget\NuGet.Config = .nuget\NuGet.Config
		.nuget\NuGet.exe = .nuget\NuGet.exe
		.nuget\NuGet.targets = .nuget\NuGet.targets
	EndProjectSection
EndProject
Project("{FAE04EC0-301F-11D3-BF4B-00C04F79EFBC}") = "Ronin.ML.Classifier", "Ronin.ML.Classifier\Ronin.ML.Classifier.csproj", "{F400F34F-EFE1-4243-9D0C-299C8DF9AEB0}"
EndProject
Project("{FAE04EC0-301F-11D3-BF4B-00C04F79EFBC}") = "Ronin.ML.Classifier.Test", "Ronin.ML.Classifier.Test\Ronin.ML.Classifier.Test.csproj", "{12DCF01D-CB9E-4B05-BE19-C26A6837C145}"
EndProject
Project("{FAE04EC0-301F-11D3-BF4B-00C04F79EFBC}") = "Ronin.ML.Classifier.MongoDB", "Ronin.ML.Classifier.MongoDB\Ronin.ML.Classifier.MongoDB.csproj", "{995F2A35-B15C-4164-86BA-60B819A4F97D}"
EndProject
Project("{FAE04EC0-301F-11D3-BF4B-00C04F79EFBC}") = "Ronin.ML.Text", "Ronin.ML.Text\Ronin.ML.Text.csproj", "{4588A88E-B5C9-411F-A07D-A5FBE972A36E}"
EndProject
Project("{FAE04EC0-301F-11D3-BF4B-00C04F79EFBC}") = "Ronin.ML.Util", "Ronin.ML.Util\Ronin.ML.Util.csproj", "{7387C3EC-DC70-4BF5-A06A-B69BDCF3B4F0}"
EndProject
Global
	GlobalSection(SolutionConfigurationPlatforms) = preSolution
		Debug|Any CPU = Debug|Any CPU
		Debug|x64 = Debug|x64
		Release|Any CPU = Release|Any CPU
		Release|x64 = Release|x64
	EndGlobalSection
	GlobalSection(ProjectConfigurationPlatforms) = postSolution
		{12DCF01D-CB9E-4B05-BE19-C26A6837C145}.Debug|Any CPU.ActiveCfg = Debug|Any CPU
		{12DCF01D-CB9E-4B05-BE19-C26A6837C145}.Debug|Any CPU.Build.0 = Debug|Any CPU
		{12DCF01D-CB9E-4B05-BE19-C26A6837C145}.Debug|x64.ActiveCfg = Debug|Any CPU
		{12DCF01D-CB9E-4B05-BE19-C26A6837C145}.Debug|x64.Build.0 = Debug|Any CPU
		{12DCF01D-CB9E-4B05-BE19-C26A6837C145}.Release|Any CPU.ActiveCfg = Release|Any CPU
		{12DCF01D-CB9E-4B05-BE19-C26A6837C145}.Release|Any CPU.Build.0 = Release|Any CPU
		{12DCF01D-CB9E-4B05-BE19-C26A6837C145}.Release|x64.ActiveCfg = Release|Any CPU
		{12DCF01D-CB9E-4B05-BE19-C26A6837C145}.Release|x64.Build.0 = Release|Any CPU
		{4588A88E-B5C9-411F-A07D-A5FBE972A36E}.Debug|Any CPU.ActiveCfg = Debug|Any CPU
		{4588A88E-B5C9-411F-A07D-A5FBE972A36E}.Debug|Any CPU.Build.0 = Debug|Any CPU
		{4588A88E-B5C9-411F-A07D-A5FBE972A36E}.Debug|x64.ActiveCfg = Debug|Any CPU
		{4588A88E-B5C9-411F-A07D-A5FBE972A36E}.Debug|x64.Build.0 = Debug|Any CPU
		{4588A88E-B5C9-411F-A07D-A5FBE972A36E}.Release|Any CPU.ActiveCfg = Release|Any CPU
		{4588A88E-B5C9-411F-A07D-A5FBE972A36E}.Release|Any CPU.Build.0 = Release|Any CPU
		{4588A88E-B5C9-411F-A07D-A5FBE972A36E}.Release|x64.ActiveCfg = Release|Any CPU
		{4588A88E-B5C9-411F-A07D-A5FBE972A36E}.Release|x64.Build.0 = Release|Any CPU
		{7387C3EC-DC70-4BF5-A06A-B69BDCF3B4F0}.Debug|Any CPU.ActiveCfg = Debug|Any CPU
		{7387C3EC-DC70-4BF5-A06A-B69BDCF3B4F0}.Debug|Any CPU.Build.0 = Debug|Any CPU
		{7387C3EC-DC70-4BF5-A06A-B69BDCF3B4F0}.Debug|x64.ActiveCfg = Debug|Any CPU
		{7387C3EC-DC70-4BF5-A06A-B69BDCF3B4F0}.Debug|x64.Build.0 = Debug|Any CPU
		{7387C3EC-DC70-4BF5-A06A-B69BDCF3B4F0}.Release|Any CPU.ActiveCfg = Release|Any CPU
		{7387C3EC-DC70-4BF5-A06A-B69BDCF3B4F0}.Release|Any CPU.Build.0 = Release|Any CPU
		{7387C3EC-DC70-4BF5-A06A-B69BDCF3B4F0}.Release|x64.ActiveCfg = Release|Any CPU
		{7387C3EC-DC70-4BF5-A06A-B69BDCF3B4F0}.Release|x64.Build.0 = Release|Any CPU
		{995F2A35-B15C-4164-86BA-60B819A4F97D}.Debug|Any CPU.ActiveCfg = Debug|Any CPU
		{995F2A35-B15C-4164-86BA-60B819A4F97D}.Debug|Any CPU.Build.0 = Debug|Any CPU
		{995F2A35-B15C-4164-86BA-60B819A4F97D}.Debug|x64.ActiveCfg = Debug|Any CPU
		{995F2A35-B15C-4164-86BA-60B819A4F97D}.Debug|x64.Build.0 = Debug|Any CPU
		{995F2A35-B15C-4164-86BA-60B819A4F97D}.Release|Any CPU.ActiveCfg = Release|Any CPU
		{995F2A35-B15C-4164-86BA-60B819A4F97D}.Release|Any CPU.Build.0 = Release|Any CPU
		{995F2A35-B15C-4164-86BA-60B819A4F97D}.Release|x64.ActiveCfg = Release|Any CPU
		{995F2A35-B15C-4164-86BA-60B819A4F97D}.Release|x64.Build.0 = Release|Any CPU
		{F400F34F-EFE1-4243-9D0C-299C8DF9AEB0}.Debug|Any CPU.ActiveCfg = Debug|Any CPU
		{F400F34F-EFE1-4243-9D0C-299C8DF9AEB0}.Debug|Any CPU.Build.0 = Debug|Any CPU
		{F400F34F-EFE1-4243-9D0C-299C8DF9AEB0}.Debug|x64.ActiveCfg = Debug|Any CPU
		{F400F34F-EFE1-4243-9D0C-299C8DF9AEB0}.Debug|x64.Build.0 = Debug|Any CPU
		{F400F34F-EFE1-4243-9D0C-299C8DF9AEB0}.Release|Any CPU.ActiveCfg = Release|Any CPU
		{F400F34F-EFE1-4243-9D0C-299C8DF9AEB0}.Release|Any CPU.Build.0 = Release|Any CPU
		{F400F34F-EFE1-4243-9D0C-299C8DF9AEB0}.Release|x64.ActiveCfg = Release|Any CPU
		{F400F34F-EFE1-4243-9D0C-299C8DF9AEB0}.Release|x64.Build.0 = Release|Any CPU
	EndGlobalSection
	GlobalSection(NestedProjects) = preSolution
	EndGlobalSection
	GlobalSection(SolutionProperties) = preSolution
		HideSolutionNode = FALSE
	EndGlobalSection
EndGlobal
